github.com/gethugothemes/hugo-modules/accordion v0.0.0-20240331035203-6c6ca12add7d h1:LxJdY6yCdliCwO+huFNNHU/g6w3Z6TXgNuNYD4gA2WA=
github.com/gethugothemes/hugo-modules/accordion v0.0.0-20240331035203-6c6ca12add7d/go.mod h1:D4DpauKPDcUHI9CVKYmJeO6bkSJIhUN864TyXZ2o0VI=
github.com/gethugothemes/hugo-modules/components/cookie-consent v0.0.0-20240331035203-6c6ca12add7d h1:TsNG4Hrcw5z04m54bRPIU45dDxGBsyM1A19Xuxn+KaQ=
github.com/gethugothemes/hugo-modules/components/cookie-consent v0.0.0-20240331035203-6c6ca12add7d/go.mod h1:511ERLpGe3ZTfV2z/NAtUSR5NqKF26h9z5lU/zYV4YQ=
github.com/gethugothemes/hugo-modules/components/custom-script v0.0.0-20240331035203-6c6ca12add7d h1:PRWZX3vXOYXuMYzue/i068SVkir/AIqhZezEaR7u7QU=
github.com/gethugothemes/hugo-modules/components/custom-script v0.0.0-20240331035203-6c6ca12add7d/go.mod h1:RuDHq4WnK8sNEzAIJr4BZQ7oXhzcct/EKaAxc2Xvi9E=
github.com/gethugothemes/hugo-modules/components/preloader v0.0.0-20240331035203-6c6ca12add7d h1:Y0n/2CiJapxs1SGtLZ6WjPIoqGtkjdygvatYMK3r60U=
github.com/gethugothemes/hugo-modules/components/preloader v0.0.0-20240331035203-6c6ca12add7d/go.mod h1:FP0iQ3tMOesuWFZhLst2KEvUEYPb5Jk1GW+QBP9lrwg=
github.com/gethugothemes/hugo-modules/components/render-link v0.0.0-20240331035203-6c6ca12add7d h1:S3h8ykZJhl/tHJGvnRuyKtm15LQK8d+lR0WYGxwkW0U=
github.com/gethugothemes/hugo-modules/components/render-link v0.0.0-20240331035203-6c6ca12add7d/go.mod h1:z3YcIeEBUonAoRDY1/Jv1ojNVkZ5ud35a0Nn8L4Inx0=
github.com/gethugothemes/hugo-modules/gzip-caching v0.0.0-20240331035203-6c6ca12add7d h1:RTjhP4n8Olky+UhXgJnHzNMDIC0fBrg6Exn15uZwtVk=
github.com/gethugothemes/hugo-modules/gzip-caching v0.0.0-20240331035203-6c6ca12add7d/go.mod h1:0ZMjTZVG4XLZU2/icc8Saqo4mmgMpfRTrUZU2Aa2Pwg=
github.com/gethugothemes/hugo-modules/images v0.0.0-20240331035203-6c6ca12add7d h1:kD20Ju04ICN17Ao36hE2KM4fERFaTYm0rYRfcSHR8iQ=
github.com/gethugothemes/hugo-modules/images v0.0.0-20240331035203-6c6ca12add7d/go.mod h1:FKliP3qOW9diIcQeLtyZ0Hdhg3PL8bdAkC/6O+XtU90=
github.com/gethugothemes/hugo-modules/pwa v0.0.0-20240331035203-6c6ca12add7d h1:rEzhgf608jNL32OpUVtF9FAzw/WXyrO1L5qJucUkMPo=
github.com/gethugothemes/hugo-modules/pwa v0.0.0-20240331035203-6c6ca12add7d/go.mod h1:TRv7iszdfo37O1PbBEE+S8X/enAdpRIxK5DGrp13Qbo=
github.com/gethugothemes/hugo-modules/seo-tools/basic-seo v0.0.0-20240331035203-6c6ca12add7d h1:eXbrNORDg5MKf0E8hJq2bIP/ZMPr4kF4ERsJYBWJStE=
github.com/gethugothemes/hugo-modules/seo-tools/basic-seo v0.0.0-20240331035203-6c6ca12add7d/go.mod h1:Q8dPgjamV7pxwKSQyWV21Xwh5CGi23/k+M8HPTphYbs=
github.com/gethugothemes/hugo-modules/seo-tools/google-tag-manager v0.0.0-20240331035203-6c6ca12add7d h1:kDOB6gAQBntzU/Tv0NqtN7kMWxq9sytf1F+zU9gLpkg=
github.com/gethugothemes/hugo-modules/seo-tools/google-tag-manager v0.0.0-20240331035203-6c6ca12add7d/go.mod h1:cCq50yd55eFTrpqOfeyOK5X0hU5E7qxsqOD7IzTsgLA=
github.com/gethugothemes/hugo-modules/seo-tools/site-verifications v0.0.0-20240331035203-6c6ca12add7d h1:dDeYf+LgLf49ggelDRAQ5DIuwIxJaxarCgWCuJGphuY=
github.com/gethugothemes/hugo-modules/seo-tools/site-verifications v0.0.0-20240331035203-6c6ca12add7d/go.mod h1:iXielaya126qJscz7Bc2G2WB91moloQOoWru6UoBUyE=
github.com/gethugothemes/hugo-modules/shortcodes/button v0.0.0-20240331035203-6c6ca12add7d h1:gRxcw05TUK2jy0wH5O/WtuN+82TDv7MkFJeczIw5K/Y=
github.com/gethugothemes/hugo-modules/shortcodes/button v0.0.0-20240331035203-6c6ca12add7d/go.mod h1:MSvxGvjvcGUKTs6YMATU/9kYFrzW+VSVdy4CCOQLdsY=
github.com/gethugothemes/hugo-modules/shortcodes/notice v0.0.0-20240331035203-6c6ca12add7d h1:yPjZdSBpCyc4MNtJwbN1Op6bGQDWPYUHaHadtFBUVvo=
github.com/gethugothemes/hugo-modules/shortcodes/notice v0.0.0-20240331035203-6c6ca12add7d/go.mod h1:ljWyMJx82WA+6SlKjbGFhEdxcriyvUTCjXkJHDa4lho=
github.com/gethugothemes/hugo-modules/table-of-contents v0.0.0-20240331035203-6c6ca12add7d h1:ojfDMKRjJYpzFcr9S0hUt7w1k6k8rvh7CTgT6Zh4/Ds=
github.com/gethugothemes/hugo-modules/table-of-contents v0.0.0-20240331035203-6c6ca12add7d/go.mod h1:bEDw4veccQQQYEdVrfu13ATRUWfW8ptDIjJZuhYh4Tw=
